
Microsoft Visual Studio Solution File, Format Version 12.00
# Visual Studio 14
VisualStudioVersion = 14.0.25420.1
MinimumVisualStudioVersion = 10.0.40219.1
Project("{FAE04EC0-301F-11D3-BF4B-00C04F79EFBC}") = "DevBox.CodeGenerator", "DevBox.CodeGenerator\DevBox.CodeGenerator.csproj", "{4819EBA3-0C8B-4567-9430-0FC3D4BF4B26}"
EndProject
Project("{FAE04EC0-301F-11D3-BF4B-00C04F79EFBC}") = "DevBox.CodeGenerator.Core", "DevBox.CodeGenerator.Core\DevBox.CodeGenerator.Core.csproj", "{97E7C2D7-66DF-4ABB-AE11-AA43FF9790E5}"
EndProject
Global
	GlobalSection(SolutionConfigurationPlatforms) = preSolution
		Debug|Any CPU = Debug|Any CPU
		Release|Any CPU = Release|Any CPU
	EndGlobalSection
	GlobalSection(ProjectConfigurationPlatforms) = postSolution
		{4819EBA3-0C8B-4567-9430-0FC3D4BF4B26}.Debug|Any CPU.ActiveCfg = Debug|Any CPU
		{4819EBA3-0C8B-4567-9430-0FC3D4BF4B26}.Debug|Any CPU.Build.0 = Debug|Any CPU
		{4819EBA3-0C8B-4567-9430-0FC3D4BF4B26}.Release|Any CPU.ActiveCfg = Release|Any CPU
		{4819EBA3-0C8B-4567-9430-0FC3D4BF4B26}.Release|Any CPU.Build.0 = Release|Any CPU
		{97E7C2D7-66DF-4ABB-AE11-AA43FF9790E5}.Debug|Any CPU.ActiveCfg = Debug|Any CPU
		{97E7C2D7-66DF-4ABB-AE11-AA43FF9790E5}.Debug|Any CPU.Build.0 = Debug|Any CPU
		{97E7C2D7-66DF-4ABB-AE11-AA43FF9790E5}.Release|Any CPU.ActiveCfg = Release|Any CPU
		{97E7C2D7-66DF-4ABB-AE11-AA43FF9790E5}.Release|Any CPU.Build.0 = Release|Any CPU
	EndGlobalSection
	GlobalSection(SolutionProperties) = preSolution
		HideSolutionNode = FALSE
	EndGlobalSection
EndGlobal
